<?xml version="1.0" encoding="utf-8"?>
<Project ToolsVersion="4.0" xmlns="http://schemas.microsoft.com/developer/msbuild/2003">
  <ItemGroup>
    <Filter Include="源文件">
      <UniqueIdentifier>{4FC737F1-C7A5-4376-A066-2A32D752A2FF}</UniqueIdentifier>
      <Extensions>cpp;c;cc;cxx;c++;cppm;ixx;def;odl;idl;hpj;bat;asm;asmx</Extensions>
    </Filter>
    <Filter Include="头文件">
      <UniqueIdentifier>{93995380-89BD-4b04-88EB-625FBE52EBFB}</UniqueIdentifier>
      <Extensions>h;hh;hpp;hxx;h++;hm;inl;inc;ipp;xsd</Extensions>
    </Filter>
    <Filter Include="资源文件">
      <UniqueIdentifier>{67DA6AB6-F800-4c08-8B7A-83BB121AAD01}</UniqueIdentifier>
      <Extensions>rc;ico;cur;bmp;dlg;rc2;rct;bin;rgs;gif;jpg;jpeg;jpe;resx;tiff;tif;png;wav;mfcribbon-ms</Extensions>
    </Filter>
  </ItemGroup>
  <ItemGroup>
    <ClCompile Include="capture-filter.cpp">
      <Filter>源文件</Filter>
    </ClCompile>
    <ClCompile Include="device.cpp">
      <Filter>源文件</Filter>
    </ClCompile>
    <ClCompile Include="dshow-base.cpp">
      <Filter>源文件</Filter>
    </ClCompile>
    <ClCompile Include="dshowcapture.cpp">
      <Filter>源文件</Filter>
    </ClCompile>
    <ClCompile Include="dshow-demux.cpp">
      <Filter>源文件</Filter>
    </ClCompile>
    <ClCompile Include="dshow-enum.cpp">
      <Filter>源文件</Filter>
    </ClCompile>
    <ClCompile Include="dshow-formats.cpp">
      <Filter>源文件</Filter>
    </ClCompile>
    <ClCompile Include="dshow-media-type.cpp">
      <Filter>源文件</Filter>
    </ClCompile>
    <ClCompile Include="encoder.cpp">
      <Filter>源文件</Filter>
    </ClCompile>
    <ClCompile Include="log.cpp">
      <Filter>源文件</Filter>
    </ClCompile>
    <ClCompile Include="output-filter.cpp">
      <Filter>源文件</Filter>
    </ClCompile>
    <ClCompile Include="virtualcam-filter.cpp">
      <Filter>源文件</Filter>
    </ClCompile>
    <ClCompile Include="virtualcam-module.cpp">
      <Filter>源文件</Filter>
    </ClCompile>
    <ClCompile Include="sleepto.c">
      <Filter>源文件</Filter>
    </ClCompile>
    <ClCompile Include="dshow-encoded-device.cpp">
      <Filter>源文件</Filter>
    </ClCompile>
    <ClCompile Include="dshowencode.cpp">
      <Filter>源文件</Filter>
    </ClCompile>
    <ClCompile Include="placeholder.cpp">
      <Filter>源文件</Filter>
    </ClCompile>
    <ClCompile Include="shared-memory-queue.c">
      <Filter>源文件</Filter>
    </ClCompile>
    <ClCompile Include="tiny-nv12-scale.c">
      <Filter>源文件</Filter>
    </ClCompile>
    <ClCompile Include="device-vendor.cpp">
      <Filter>源文件</Filter>
    </ClCompile>
    <ClCompile Include="win\EGAVHIDImplementation.cpp">
      <Filter>源文件</Filter>
    </ClCompile>
    <ClCompile Include="ElgatoUVCDevice.cpp">
      <Filter>源文件</Filter>
    </ClCompile>
    <ClCompile Include="EGAVResult.cpp">
      <Filter>源文件</Filter>
    </ClCompile>
    <ClCompile Include="DriverInterface.cpp">
      <Filter>源文件</Filter>
    </ClCompile>
  </ItemGroup>
  <ItemGroup>
    <ClInclude Include="capture-filter.hpp">
      <Filter>头文件</Filter>
    </ClInclude>
    <ClInclude Include="device.hpp">
      <Filter>头文件</Filter>
    </ClInclude>
    <ClInclude Include="dshow-base.hpp">
      <Filter>头文件</Filter>
    </ClInclude>
    <ClInclude Include="dshow-demux.hpp">
      <Filter>头文件</Filter>
    </ClInclude>
    <ClInclude Include="dshow-device-defs.hpp">
      <Filter>头文件</Filter>
    </ClInclude>
    <ClInclude Include="dshow-enum.hpp">
      <Filter>头文件</Filter>
    </ClInclude>
    <ClInclude Include="dshow-formats.hpp">
      <Filter>头文件</Filter>
    </ClInclude>
    <ClInclude Include="dshow-media-type.hpp">
      <Filter>头文件</Filter>
    </ClInclude>
    <ClInclude Include="encoder.hpp">
      <Filter>头文件</Filter>
    </ClInclude>
    <ClInclude Include="log.hpp">
      <Filter>头文件</Filter>
    </ClInclude>
    <ClInclude Include="output-filter.hpp">
      <Filter>头文件</Filter>
    </ClInclude>
    <ClInclude Include="virtualcam-filter.hpp">
      <Filter>头文件</Filter>
    </ClInclude>
    <ClInclude Include="sleepto.h">
      <Filter>头文件</Filter>
    </ClInclude>
    <ClInclude Include="IVideoCaptureFilter.h">
      <Filter>头文件</Filter>
    </ClInclude>
    <ClInclude Include="shared-memory-queue.h">
      <Filter>头文件</Filter>
    </ClInclude>
    <ClInclude Include="tiny-nv12-scale.h">
      <Filter>头文件</Filter>
    </ClInclude>
    <ClInclude Include="WinHandle.hpp">
      <Filter>头文件</Filter>
    </ClInclude>
    <ClInclude Include="dshowcapture.hpp">
      <Filter>头文件</Filter>
    </ClInclude>
    <ClInclude Include="virtualcam-guid.h">
      <Filter>头文件</Filter>
    </ClInclude>
    <ClInclude Include="ComPtr.hpp">
      <Filter>头文件</Filter>
    </ClInclude>
    <ClInclude Include="CoTaskMemPtr.hpp">
      <Filter>头文件</Filter>
    </ClInclude>
    <ClInclude Include="external\IVideoCaptureFilter.h">
      <Filter>头文件</Filter>
    </ClInclude>
    <ClInclude Include="win\EGAVHIDImplementation.h">
      <Filter>头文件</Filter>
    </ClInclude>
    <ClInclude Include="avermedia-encode.h">
      <Filter>头文件</Filter>
    </ClInclude>
  </ItemGroup>
</Project>