
Microsoft Visual Studio Solution File, Format Version 12.00
# Visual Studio Version 17
VisualStudioVersion = 17.9.34728.123
MinimumVisualStudioVersion = 10.0.40219.1
Project("{8BC9CEB8-8B4A-11D0-8D11-00A0C91BC942}") = "OBSBasicDemo", "OBSBasicDemo\OBSBasicDemo.vcxproj", "{9525D6EA-16C3-40C9-A1C4-64ED9BB438C7}"
EndProject
Project("{8BC9CEB8-8B4A-11D0-8D11-00A0C91BC942}") = "w32-pthreads", "w32-pthreads\w32-pthreads.vcxproj", "{43B240E7-EA3C-452B-9138-C0347351F40A}"
EndProject
Project("{8BC9CEB8-8B4A-11D0-8D11-00A0C91BC942}") = "libobs-version", "libobs-version\libobs-version.vcxproj", "{C34986A4-2D13-42DA-9AF0-348C92E8D7BE}"
EndProject
Project("{8BC9CEB8-8B4A-11D0-8D11-00A0C91BC942}") = "caption", "caption\caption.vcxproj", "{4E61CA86-FDAB-4FED-820D-B2D55D41FFB1}"
EndProject
Project("{8BC9CEB8-8B4A-11D0-8D11-00A0C91BC942}") = "libobs", "libobs\libobs.vcxproj", "{DE007541-301D-41F8-879D-28F4195F8431}"
EndProject
Project("{8BC9CEB8-8B4A-11D0-8D11-00A0C91BC942}") = "aja", "aja\aja.vcxproj", "{BE79FA7F-CB6C-409D-A246-89C8C4AB14B3}"
EndProject
Project("{8BC9CEB8-8B4A-11D0-8D11-00A0C91BC942}") = "coreaudio-encoder", "coreaudio-encoder\coreaudio-encoder.vcxproj", "{8D0AE720-AE4B-43B4-ADE2-7C8E1B41FF48}"
EndProject
Project("{2150E333-8FDC-42A3-9474-1A3956D46DE8}") = "Core", "Core", "{D7D15688-7E9E-486B-8A0A-5F242CC2C3E8}"
EndProject
Project("{2150E333-8FDC-42A3-9474-1A3956D46DE8}") = "Plugins", "Plugins", "{EDF2FF23-7F6B-4B30-B5A0-85FE60FE52EC}"
EndProject
Project("{2150E333-8FDC-42A3-9474-1A3956D46DE8}") = "Deps", "Deps", "{55E05F6E-FCAB-4704-8B13-F799449DCDB6}"
EndProject
Project("{8BC9CEB8-8B4A-11D0-8D11-00A0C91BC942}") = "libobs-d3d11", "libobs-d3d11\libobs-d3d11.vcxproj", "{C34A212D-7AAC-404C-8E51-668947C251B6}"
EndProject
Project("{8BC9CEB8-8B4A-11D0-8D11-00A0C91BC942}") = "libobs-opengl", "libobs-opengl\libobs-opengl.vcxproj", "{894953F5-1AE8-45B6-BF4A-801918A0261F}"
EndProject
Project("{2150E333-8FDC-42A3-9474-1A3956D46DE8}") = "Win-Capture", "Win-Capture", "{4C601F79-B91A-46AF-B1D5-AD4F18006371}"
EndProject
Project("{2150E333-8FDC-42A3-9474-1A3956D46DE8}") = "aja", "aja", "{7E1C28A4-CB8A-42AD-94C1-FDAE14E3CBA7}"
EndProject
Project("{8BC9CEB8-8B4A-11D0-8D11-00A0C91BC942}") = "win-capture", "win-capture\win-capture.vcxproj", "{DEE94D97-35FD-44C6-8E80-D72CB715903D}"
EndProject
Project("{8BC9CEB8-8B4A-11D0-8D11-00A0C91BC942}") = "blake2", "blake2\blake2.vcxproj", "{440DAC7B-1751-47B3-BF0A-E54D400D5B4F}"
EndProject
Project("{8BC9CEB8-8B4A-11D0-8D11-00A0C91BC942}") = "happy-eyeballs", "happy-eyeballs\happy-eyeballs.vcxproj", "{133E0971-743F-4DB3-B255-257C3E3B8863}"
EndProject
Project("{8BC9CEB8-8B4A-11D0-8D11-00A0C91BC942}") = "json11", "json11\json11.vcxproj", "{80984CCE-7029-4E74-B62B-DF2F3774A9D6}"
EndProject
Project("{8BC9CEB8-8B4A-11D0-8D11-00A0C91BC942}") = "obsglad", "obsglad\obsglad.vcxproj", "{3390A1EC-0C9F-4C48-B978-FBFEBFDF6366}"
EndProject
Project("{8BC9CEB8-8B4A-11D0-8D11-00A0C91BC942}") = "opts-parser", "opts-parser\opts-parser.vcxproj", "{806154E7-F2E7-4F8E-AC49-E4B51195887E}"
EndProject
Project("{8BC9CEB8-8B4A-11D0-8D11-00A0C91BC942}") = "libobs-winrt", "libobs-winrt\libobs-winrt.vcxproj", "{BAC878B6-8CCC-4188-9BEA-99EF31FE0BD1}"
EndProject
Project("{8BC9CEB8-8B4A-11D0-8D11-00A0C91BC942}") = "file-updater", "file-updater\file-updater.vcxproj", "{6F08D54B-622F-4D96-9E89-76C26BB83FFB}"
EndProject
Project("{8BC9CEB8-8B4A-11D0-8D11-00A0C91BC942}") = "obs-filters", "obs-filters\obs-filters.vcxproj", "{D51DBC71-88D8-42DC-9A96-75904CD3395E}"
EndProject
Project("{8BC9CEB8-8B4A-11D0-8D11-00A0C91BC942}") = "obs-text", "obs-text\obs-text.vcxproj", "{A1189DE0-47B5-40F6-AE34-7FF5A4260859}"
EndProject
Project("{2150E333-8FDC-42A3-9474-1A3956D46DE8}") = "Frontend", "Frontend", "{725110C7-62AC-478E-B93D-B1B4C4AB9C54}"
EndProject
Project("{8BC9CEB8-8B4A-11D0-8D11-00A0C91BC942}") = "obs-frontend-api", "obs-frontend-api\obs-frontend-api.vcxproj", "{FF96B609-F734-4A83-834B-B743B79043F9}"
EndProject
Project("{2150E333-8FDC-42A3-9474-1A3956D46DE8}") = "Scripting", "Scripting", "{8484E565-9DDF-441E-9D7A-6214A2FBAB5E}"
EndProject
Project("{8BC9CEB8-8B4A-11D0-8D11-00A0C91BC942}") = "obs-scripting", "obs-scripting\obs-scripting.vcxproj", "{4C9C6F7C-BFE0-457C-9B01-9B56AB0823FE}"
EndProject
Project("{8BC9CEB8-8B4A-11D0-8D11-00A0C91BC942}") = "obs-transitions", "obs-transitions\obs-transitions.vcxproj", "{97A0369F-32CC-41D1-BFA3-6373617E89C3}"
EndProject
Project("{8BC9CEB8-8B4A-11D0-8D11-00A0C91BC942}") = "obs-webrtc", "obs-webrtc\obs-webrtc.vcxproj", "{457904BC-5E1B-4D16-A503-A32547A235AB}"
EndProject
Project("{8BC9CEB8-8B4A-11D0-8D11-00A0C91BC942}") = "rtmp-services", "rtmp-services\rtmp-services.vcxproj", "{7EF164A4-8F79-43DC-B03B-22015D9976F4}"
EndProject
Project("{2150E333-8FDC-42A3-9474-1A3956D46DE8}") = "Decklink", "Decklink", "{940144B7-FF9A-4CB3-BBAA-5B5B8378CAC0}"
EndProject
Project("{8BC9CEB8-8B4A-11D0-8D11-00A0C91BC942}") = "decklink-captions", "decklink-captions\decklink-captions.vcxproj", "{DF76D0D5-81D8-470B-BCDD-EC9681C84C06}"
EndProject
Project("{8BC9CEB8-8B4A-11D0-8D11-00A0C91BC942}") = "text-freetype2", "text-freetype2\text-freetype2.vcxproj", "{2540F43F-6272-41C8-8855-21E36FAD882F}"
EndProject
Project("{8BC9CEB8-8B4A-11D0-8D11-00A0C91BC942}") = "obs-vst", "obs-vst\obs-vst.vcxproj", "{58CFBCA9-17A0-4B91-9661-12E286A01765}"
EndProject
Project("{8BC9CEB8-8B4A-11D0-8D11-00A0C91BC942}") = "vlc-video", "vlc-video\vlc-video.vcxproj", "{876BF5A4-8CEB-451C-9814-20B537EB8FC9}"
EndProject
Project("{8BC9CEB8-8B4A-11D0-8D11-00A0C91BC942}") = "win-wasapi", "win-wasapi\win-wasapi.vcxproj", "{562B57ED-C4D0-48FD-83F7-D1A56E17BA6C}"
EndProject
Project("{2150E333-8FDC-42A3-9474-1A3956D46DE8}") = "obs-ffmpeg", "obs-ffmpeg", "{A9F3B287-6735-48D3-9A5D-F47725A6416B}"
EndProject
Project("{8BC9CEB8-8B4A-11D0-8D11-00A0C91BC942}") = "obs-ffmpeg", "obs-ffmpeg\obs-ffmpeg.vcxproj", "{E5A2C860-81BF-4839-80DD-CF3AE34E8E54}"
EndProject
Project("{8BC9CEB8-8B4A-11D0-8D11-00A0C91BC942}") = "obs-websocket", "obs-websocket\obs-websocket.vcxproj", "{8A064849-400A-4E8B-9C55-16D2061FCD26}"
EndProject
Project("{8BC9CEB8-8B4A-11D0-8D11-00A0C91BC942}") = "aja-output-ui", "aja-output-ui\aja-output-ui.vcxproj", "{65435E09-AB97-438A-B332-BF829AFA3286}"
EndProject
Project("{8BC9CEB8-8B4A-11D0-8D11-00A0C91BC942}") = "decklink-output-ui", "decklink-output-ui\decklink-output-ui.vcxproj", "{2F30D083-B16F-4309-9F61-6A5F7FA30DE0}"
EndProject
Project("{8BC9CEB8-8B4A-11D0-8D11-00A0C91BC942}") = "decklink", "decklink\decklink.vcxproj", "{2197B79E-7943-4668-831A-195F7B8038D5}"
EndProject
Project("{2150E333-8FDC-42A3-9474-1A3956D46DE8}") = "obs-browser", "obs-browser", "{F51C88E8-4619-4044-8C47-335F807C66D0}"
EndProject
Project("{8BC9CEB8-8B4A-11D0-8D11-00A0C91BC942}") = "obs-browser", "obs-browser\obs-browser.vcxproj", "{6A6C2BA3-469F-43A0-BDA5-596C89466BEC}"
EndProject
Project("{2150E333-8FDC-42A3-9474-1A3956D46DE8}") = "obs-outputs", "obs-outputs", "{52F97CE1-D9E0-4BD3-A1A4-258AA6EF6686}"
EndProject
Project("{8BC9CEB8-8B4A-11D0-8D11-00A0C91BC942}") = "obs-outputs", "obs-outputs\obs-outputs.vcxproj", "{02B61D90-04F6-44AB-91FB-F02FCD426B9C}"
EndProject
Project("{8BC9CEB8-8B4A-11D0-8D11-00A0C91BC942}") = "ftl-sdk", "ftl-sdk\ftl-sdk.vcxproj", "{E3F8E229-A4DB-432F-ADDF-8F5FDD865A51}"
EndProject
Project("{8BC9CEB8-8B4A-11D0-8D11-00A0C91BC942}") = "obs-x264", "obs-x264\obs-x264.vcxproj", "{488A0F34-9337-439E-A56D-A6F918C440C8}"
EndProject
Project("{2150E333-8FDC-42A3-9474-1A3956D46DE8}") = "Win-Dshow", "Win-Dshow", "{7586DA49-A831-4F2B-B09D-C6002DE822A5}"
EndProject
Project("{8BC9CEB8-8B4A-11D0-8D11-00A0C91BC942}") = "obs-virtualcam-module", "obs-virtualcam-module\obs-virtualcam-module.vcxproj", "{90FBE262-68FB-4A8A-8F9A-F6D364F23D90}"
EndProject
Project("{8BC9CEB8-8B4A-11D0-8D11-00A0C91BC942}") = "win-dshow", "win-dshow\win-dshow.vcxproj", "{513D3FEB-9243-4BD5-8603-429FBFEB61FE}"
EndProject
Project("{2150E333-8FDC-42A3-9474-1A3956D46DE8}") = "obs-qsv11", "obs-qsv11", "{D824D445-26F2-4D04-B5B8-E9A88059FCD3}"
EndProject
Project("{8BC9CEB8-8B4A-11D0-8D11-00A0C91BC942}") = "obs-qsv11", "obs-qsv11\obs-qsv11.vcxproj", "{B9B3BEA1-6130-450D-BFD1-CB0CBAE2BEEC}"
EndProject
Project("{8BC9CEB8-8B4A-11D0-8D11-00A0C91BC942}") = "frontend-tools", "frontend-tools\frontend-tools.vcxproj", "{FB42E6B9-0D15-4B9C-AE01-FB840065B653}"
EndProject
Project("{8BC9CEB8-8B4A-11D0-8D11-00A0C91BC942}") = "obs-studio", "obs-studio\obs-studio.vcxproj", "{C0B3AC7B-3850-478D-8BF1-58AA39D49648}"
EndProject
Project("{8BC9CEB8-8B4A-11D0-8D11-00A0C91BC942}") = "updater", "updater\updater.vcxproj", "{C32602AC-766F-4708-932A-0448280A4134}"
EndProject
Global
	GlobalSection(SolutionConfigurationPlatforms) = preSolution
		Debug|x64 = Debug|x64
		Debug|x86 = Debug|x86
		Release|x64 = Release|x64
		Release|x86 = Release|x86
	EndGlobalSection
	GlobalSection(ProjectConfigurationPlatforms) = postSolution
		{9525D6EA-16C3-40C9-A1C4-64ED9BB438C7}.Debug|x64.ActiveCfg = Debug|x64
		{9525D6EA-16C3-40C9-A1C4-64ED9BB438C7}.Debug|x64.Build.0 = Debug|x64
		{9525D6EA-16C3-40C9-A1C4-64ED9BB438C7}.Debug|x86.ActiveCfg = Debug|Win32
		{9525D6EA-16C3-40C9-A1C4-64ED9BB438C7}.Debug|x86.Build.0 = Debug|Win32
		{9525D6EA-16C3-40C9-A1C4-64ED9BB438C7}.Release|x64.ActiveCfg = Release|x64
		{9525D6EA-16C3-40C9-A1C4-64ED9BB438C7}.Release|x64.Build.0 = Release|x64
		{9525D6EA-16C3-40C9-A1C4-64ED9BB438C7}.Release|x86.ActiveCfg = Release|Win32
		{9525D6EA-16C3-40C9-A1C4-64ED9BB438C7}.Release|x86.Build.0 = Release|Win32
		{43B240E7-EA3C-452B-9138-C0347351F40A}.Debug|x64.ActiveCfg = Debug|x64
		{43B240E7-EA3C-452B-9138-C0347351F40A}.Debug|x64.Build.0 = Debug|x64
		{43B240E7-EA3C-452B-9138-C0347351F40A}.Debug|x86.ActiveCfg = Debug|Win32
		{43B240E7-EA3C-452B-9138-C0347351F40A}.Debug|x86.Build.0 = Debug|Win32
		{43B240E7-EA3C-452B-9138-C0347351F40A}.Release|x64.ActiveCfg = Release|x64
		{43B240E7-EA3C-452B-9138-C0347351F40A}.Release|x64.Build.0 = Release|x64
		{43B240E7-EA3C-452B-9138-C0347351F40A}.Release|x86.ActiveCfg = Release|Win32
		{43B240E7-EA3C-452B-9138-C0347351F40A}.Release|x86.Build.0 = Release|Win32
		{C34986A4-2D13-42DA-9AF0-348C92E8D7BE}.Debug|x64.ActiveCfg = Debug|x64
		{C34986A4-2D13-42DA-9AF0-348C92E8D7BE}.Debug|x64.Build.0 = Debug|x64
		{C34986A4-2D13-42DA-9AF0-348C92E8D7BE}.Debug|x86.ActiveCfg = Debug|Win32
		{C34986A4-2D13-42DA-9AF0-348C92E8D7BE}.Debug|x86.Build.0 = Debug|Win32
		{C34986A4-2D13-42DA-9AF0-348C92E8D7BE}.Release|x64.ActiveCfg = Release|x64
		{C34986A4-2D13-42DA-9AF0-348C92E8D7BE}.Release|x64.Build.0 = Release|x64
		{C34986A4-2D13-42DA-9AF0-348C92E8D7BE}.Release|x86.ActiveCfg = Release|Win32
		{C34986A4-2D13-42DA-9AF0-348C92E8D7BE}.Release|x86.Build.0 = Release|Win32
		{4E61CA86-FDAB-4FED-820D-B2D55D41FFB1}.Debug|x64.ActiveCfg = Debug|x64
		{4E61CA86-FDAB-4FED-820D-B2D55D41FFB1}.Debug|x64.Build.0 = Debug|x64
		{4E61CA86-FDAB-4FED-820D-B2D55D41FFB1}.Debug|x86.ActiveCfg = Debug|Win32
		{4E61CA86-FDAB-4FED-820D-B2D55D41FFB1}.Debug|x86.Build.0 = Debug|Win32
		{4E61CA86-FDAB-4FED-820D-B2D55D41FFB1}.Release|x64.ActiveCfg = Release|x64
		{4E61CA86-FDAB-4FED-820D-B2D55D41FFB1}.Release|x64.Build.0 = Release|x64
		{4E61CA86-FDAB-4FED-820D-B2D55D41FFB1}.Release|x86.ActiveCfg = Release|Win32
		{4E61CA86-FDAB-4FED-820D-B2D55D41FFB1}.Release|x86.Build.0 = Release|Win32
		{DE007541-301D-41F8-879D-28F4195F8431}.Debug|x64.ActiveCfg = Debug|x64
		{DE007541-301D-41F8-879D-28F4195F8431}.Debug|x64.Build.0 = Debug|x64
		{DE007541-301D-41F8-879D-28F4195F8431}.Debug|x86.ActiveCfg = Debug|Win32
		{DE007541-301D-41F8-879D-28F4195F8431}.Debug|x86.Build.0 = Debug|Win32
		{DE007541-301D-41F8-879D-28F4195F8431}.Release|x64.ActiveCfg = Release|x64
		{DE007541-301D-41F8-879D-28F4195F8431}.Release|x64.Build.0 = Release|x64
		{DE007541-301D-41F8-879D-28F4195F8431}.Release|x86.ActiveCfg = Release|Win32
		{DE007541-301D-41F8-879D-28F4195F8431}.Release|x86.Build.0 = Release|Win32
		{BE79FA7F-CB6C-409D-A246-89C8C4AB14B3}.Debug|x64.ActiveCfg = Debug|x64
		{BE79FA7F-CB6C-409D-A246-89C8C4AB14B3}.Debug|x64.Build.0 = Debug|x64
		{BE79FA7F-CB6C-409D-A246-89C8C4AB14B3}.Debug|x86.ActiveCfg = Debug|Win32
		{BE79FA7F-CB6C-409D-A246-89C8C4AB14B3}.Debug|x86.Build.0 = Debug|Win32
		{BE79FA7F-CB6C-409D-A246-89C8C4AB14B3}.Release|x64.ActiveCfg = Release|x64
		{BE79FA7F-CB6C-409D-A246-89C8C4AB14B3}.Release|x64.Build.0 = Release|x64
		{BE79FA7F-CB6C-409D-A246-89C8C4AB14B3}.Release|x86.ActiveCfg = Release|Win32
		{BE79FA7F-CB6C-409D-A246-89C8C4AB14B3}.Release|x86.Build.0 = Release|Win32
		{8D0AE720-AE4B-43B4-ADE2-7C8E1B41FF48}.Debug|x64.ActiveCfg = Debug|x64
		{8D0AE720-AE4B-43B4-ADE2-7C8E1B41FF48}.Debug|x64.Build.0 = Debug|x64
		{8D0AE720-AE4B-43B4-ADE2-7C8E1B41FF48}.Debug|x86.ActiveCfg = Debug|Win32
		{8D0AE720-AE4B-43B4-ADE2-7C8E1B41FF48}.Debug|x86.Build.0 = Debug|Win32
		{8D0AE720-AE4B-43B4-ADE2-7C8E1B41FF48}.Release|x64.ActiveCfg = Release|x64
		{8D0AE720-AE4B-43B4-ADE2-7C8E1B41FF48}.Release|x64.Build.0 = Release|x64
		{8D0AE720-AE4B-43B4-ADE2-7C8E1B41FF48}.Release|x86.ActiveCfg = Release|Win32
		{8D0AE720-AE4B-43B4-ADE2-7C8E1B41FF48}.Release|x86.Build.0 = Release|Win32
		{C34A212D-7AAC-404C-8E51-668947C251B6}.Debug|x64.ActiveCfg = Debug|x64
		{C34A212D-7AAC-404C-8E51-668947C251B6}.Debug|x64.Build.0 = Debug|x64
		{C34A212D-7AAC-404C-8E51-668947C251B6}.Debug|x86.ActiveCfg = Debug|Win32
		{C34A212D-7AAC-404C-8E51-668947C251B6}.Debug|x86.Build.0 = Debug|Win32
		{C34A212D-7AAC-404C-8E51-668947C251B6}.Release|x64.ActiveCfg = Release|x64
		{C34A212D-7AAC-404C-8E51-668947C251B6}.Release|x64.Build.0 = Release|x64
		{C34A212D-7AAC-404C-8E51-668947C251B6}.Release|x86.ActiveCfg = Release|Win32
		{C34A212D-7AAC-404C-8E51-668947C251B6}.Release|x86.Build.0 = Release|Win32
		{894953F5-1AE8-45B6-BF4A-801918A0261F}.Debug|x64.ActiveCfg = Debug|x64
		{894953F5-1AE8-45B6-BF4A-801918A0261F}.Debug|x64.Build.0 = Debug|x64
		{894953F5-1AE8-45B6-BF4A-801918A0261F}.Debug|x86.ActiveCfg = Debug|Win32
		{894953F5-1AE8-45B6-BF4A-801918A0261F}.Debug|x86.Build.0 = Debug|Win32
		{894953F5-1AE8-45B6-BF4A-801918A0261F}.Release|x64.ActiveCfg = Release|x64
		{894953F5-1AE8-45B6-BF4A-801918A0261F}.Release|x64.Build.0 = Release|x64
		{894953F5-1AE8-45B6-BF4A-801918A0261F}.Release|x86.ActiveCfg = Release|Win32
		{894953F5-1AE8-45B6-BF4A-801918A0261F}.Release|x86.Build.0 = Release|Win32
		{DEE94D97-35FD-44C6-8E80-D72CB715903D}.Debug|x64.ActiveCfg = Debug|x64
		{DEE94D97-35FD-44C6-8E80-D72CB715903D}.Debug|x64.Build.0 = Debug|x64
		{DEE94D97-35FD-44C6-8E80-D72CB715903D}.Debug|x86.ActiveCfg = Debug|Win32
		{DEE94D97-35FD-44C6-8E80-D72CB715903D}.Debug|x86.Build.0 = Debug|Win32
		{DEE94D97-35FD-44C6-8E80-D72CB715903D}.Release|x64.ActiveCfg = Release|x64
		{DEE94D97-35FD-44C6-8E80-D72CB715903D}.Release|x64.Build.0 = Release|x64
		{DEE94D97-35FD-44C6-8E80-D72CB715903D}.Release|x86.ActiveCfg = Release|Win32
		{DEE94D97-35FD-44C6-8E80-D72CB715903D}.Release|x86.Build.0 = Release|Win32
		{440DAC7B-1751-47B3-BF0A-E54D400D5B4F}.Debug|x64.ActiveCfg = Debug|x64
		{440DAC7B-1751-47B3-BF0A-E54D400D5B4F}.Debug|x64.Build.0 = Debug|x64
		{440DAC7B-1751-47B3-BF0A-E54D400D5B4F}.Debug|x86.ActiveCfg = Debug|Win32
		{440DAC7B-1751-47B3-BF0A-E54D400D5B4F}.Debug|x86.Build.0 = Debug|Win32
		{440DAC7B-1751-47B3-BF0A-E54D400D5B4F}.Release|x64.ActiveCfg = Release|x64
		{440DAC7B-1751-47B3-BF0A-E54D400D5B4F}.Release|x64.Build.0 = Release|x64
		{440DAC7B-1751-47B3-BF0A-E54D400D5B4F}.Release|x86.ActiveCfg = Release|Win32
		{440DAC7B-1751-47B3-BF0A-E54D400D5B4F}.Release|x86.Build.0 = Release|Win32
		{133E0971-743F-4DB3-B255-257C3E3B8863}.Debug|x64.ActiveCfg = Debug|x64
		{133E0971-743F-4DB3-B255-257C3E3B8863}.Debug|x64.Build.0 = Debug|x64
		{133E0971-743F-4DB3-B255-257C3E3B8863}.Debug|x86.ActiveCfg = Debug|Win32
		{133E0971-743F-4DB3-B255-257C3E3B8863}.Debug|x86.Build.0 = Debug|Win32
		{133E0971-743F-4DB3-B255-257C3E3B8863}.Release|x64.ActiveCfg = Release|x64
		{133E0971-743F-4DB3-B255-257C3E3B8863}.Release|x64.Build.0 = Release|x64
		{133E0971-743F-4DB3-B255-257C3E3B8863}.Release|x86.ActiveCfg = Release|Win32
		{133E0971-743F-4DB3-B255-257C3E3B8863}.Release|x86.Build.0 = Release|Win32
		{80984CCE-7029-4E74-B62B-DF2F3774A9D6}.Debug|x64.ActiveCfg = Debug|x64
		{80984CCE-7029-4E74-B62B-DF2F3774A9D6}.Debug|x64.Build.0 = Debug|x64
		{80984CCE-7029-4E74-B62B-DF2F3774A9D6}.Debug|x86.ActiveCfg = Debug|Win32
		{80984CCE-7029-4E74-B62B-DF2F3774A9D6}.Debug|x86.Build.0 = Debug|Win32
		{80984CCE-7029-4E74-B62B-DF2F3774A9D6}.Release|x64.ActiveCfg = Release|x64
		{80984CCE-7029-4E74-B62B-DF2F3774A9D6}.Release|x64.Build.0 = Release|x64
		{80984CCE-7029-4E74-B62B-DF2F3774A9D6}.Release|x86.ActiveCfg = Release|Win32
		{80984CCE-7029-4E74-B62B-DF2F3774A9D6}.Release|x86.Build.0 = Release|Win32
		{3390A1EC-0C9F-4C48-B978-FBFEBFDF6366}.Debug|x64.ActiveCfg = Debug|x64
		{3390A1EC-0C9F-4C48-B978-FBFEBFDF6366}.Debug|x64.Build.0 = Debug|x64
		{3390A1EC-0C9F-4C48-B978-FBFEBFDF6366}.Debug|x86.ActiveCfg = Debug|Win32
		{3390A1EC-0C9F-4C48-B978-FBFEBFDF6366}.Debug|x86.Build.0 = Debug|Win32
		{3390A1EC-0C9F-4C48-B978-FBFEBFDF6366}.Release|x64.ActiveCfg = Release|x64
		{3390A1EC-0C9F-4C48-B978-FBFEBFDF6366}.Release|x64.Build.0 = Release|x64
		{3390A1EC-0C9F-4C48-B978-FBFEBFDF6366}.Release|x86.ActiveCfg = Release|Win32
		{3390A1EC-0C9F-4C48-B978-FBFEBFDF6366}.Release|x86.Build.0 = Release|Win32
		{806154E7-F2E7-4F8E-AC49-E4B51195887E}.Debug|x64.ActiveCfg = Debug|x64
		{806154E7-F2E7-4F8E-AC49-E4B51195887E}.Debug|x64.Build.0 = Debug|x64
		{806154E7-F2E7-4F8E-AC49-E4B51195887E}.Debug|x86.ActiveCfg = Debug|Win32
		{806154E7-F2E7-4F8E-AC49-E4B51195887E}.Debug|x86.Build.0 = Debug|Win32
		{806154E7-F2E7-4F8E-AC49-E4B51195887E}.Release|x64.ActiveCfg = Release|x64
		{806154E7-F2E7-4F8E-AC49-E4B51195887E}.Release|x64.Build.0 = Release|x64
		{806154E7-F2E7-4F8E-AC49-E4B51195887E}.Release|x86.ActiveCfg = Release|Win32
		{806154E7-F2E7-4F8E-AC49-E4B51195887E}.Release|x86.Build.0 = Release|Win32
		{BAC878B6-8CCC-4188-9BEA-99EF31FE0BD1}.Debug|x64.ActiveCfg = Debug|x64
		{BAC878B6-8CCC-4188-9BEA-99EF31FE0BD1}.Debug|x64.Build.0 = Debug|x64
		{BAC878B6-8CCC-4188-9BEA-99EF31FE0BD1}.Debug|x86.ActiveCfg = Debug|Win32
		{BAC878B6-8CCC-4188-9BEA-99EF31FE0BD1}.Debug|x86.Build.0 = Debug|Win32
		{BAC878B6-8CCC-4188-9BEA-99EF31FE0BD1}.Release|x64.ActiveCfg = Release|x64
		{BAC878B6-8CCC-4188-9BEA-99EF31FE0BD1}.Release|x64.Build.0 = Release|x64
		{BAC878B6-8CCC-4188-9BEA-99EF31FE0BD1}.Release|x86.ActiveCfg = Release|Win32
		{BAC878B6-8CCC-4188-9BEA-99EF31FE0BD1}.Release|x86.Build.0 = Release|Win32
		{6F08D54B-622F-4D96-9E89-76C26BB83FFB}.Debug|x64.ActiveCfg = Debug|x64
		{6F08D54B-622F-4D96-9E89-76C26BB83FFB}.Debug|x64.Build.0 = Debug|x64
		{6F08D54B-622F-4D96-9E89-76C26BB83FFB}.Debug|x86.ActiveCfg = Debug|Win32
		{6F08D54B-622F-4D96-9E89-76C26BB83FFB}.Debug|x86.Build.0 = Debug|Win32
		{6F08D54B-622F-4D96-9E89-76C26BB83FFB}.Release|x64.ActiveCfg = Release|x64
		{6F08D54B-622F-4D96-9E89-76C26BB83FFB}.Release|x64.Build.0 = Release|x64
		{6F08D54B-622F-4D96-9E89-76C26BB83FFB}.Release|x86.ActiveCfg = Release|Win32
		{6F08D54B-622F-4D96-9E89-76C26BB83FFB}.Release|x86.Build.0 = Release|Win32
		{D51DBC71-88D8-42DC-9A96-75904CD3395E}.Debug|x64.ActiveCfg = Debug|x64
		{D51DBC71-88D8-42DC-9A96-75904CD3395E}.Debug|x64.Build.0 = Debug|x64
		{D51DBC71-88D8-42DC-9A96-75904CD3395E}.Debug|x86.ActiveCfg = Debug|Win32
		{D51DBC71-88D8-42DC-9A96-75904CD3395E}.Debug|x86.Build.0 = Debug|Win32
		{D51DBC71-88D8-42DC-9A96-75904CD3395E}.Release|x64.ActiveCfg = Release|x64
		{D51DBC71-88D8-42DC-9A96-75904CD3395E}.Release|x64.Build.0 = Release|x64
		{D51DBC71-88D8-42DC-9A96-75904CD3395E}.Release|x86.ActiveCfg = Release|Win32
		{D51DBC71-88D8-42DC-9A96-75904CD3395E}.Release|x86.Build.0 = Release|Win32
		{A1189DE0-47B5-40F6-AE34-7FF5A4260859}.Debug|x64.ActiveCfg = Debug|x64
		{A1189DE0-47B5-40F6-AE34-7FF5A4260859}.Debug|x64.Build.0 = Debug|x64
		{A1189DE0-47B5-40F6-AE34-7FF5A4260859}.Debug|x86.ActiveCfg = Debug|Win32
		{A1189DE0-47B5-40F6-AE34-7FF5A4260859}.Debug|x86.Build.0 = Debug|Win32
		{A1189DE0-47B5-40F6-AE34-7FF5A4260859}.Release|x64.ActiveCfg = Release|x64
		{A1189DE0-47B5-40F6-AE34-7FF5A4260859}.Release|x64.Build.0 = Release|x64
		{A1189DE0-47B5-40F6-AE34-7FF5A4260859}.Release|x86.ActiveCfg = Release|Win32
		{A1189DE0-47B5-40F6-AE34-7FF5A4260859}.Release|x86.Build.0 = Release|Win32
		{FF96B609-F734-4A83-834B-B743B79043F9}.Debug|x64.ActiveCfg = Debug|x64
		{FF96B609-F734-4A83-834B-B743B79043F9}.Debug|x64.Build.0 = Debug|x64
		{FF96B609-F734-4A83-834B-B743B79043F9}.Debug|x86.ActiveCfg = Debug|Win32
		{FF96B609-F734-4A83-834B-B743B79043F9}.Debug|x86.Build.0 = Debug|Win32
		{FF96B609-F734-4A83-834B-B743B79043F9}.Release|x64.ActiveCfg = Release|x64
		{FF96B609-F734-4A83-834B-B743B79043F9}.Release|x64.Build.0 = Release|x64
		{FF96B609-F734-4A83-834B-B743B79043F9}.Release|x86.ActiveCfg = Release|Win32
		{FF96B609-F734-4A83-834B-B743B79043F9}.Release|x86.Build.0 = Release|Win32
		{4C9C6F7C-BFE0-457C-9B01-9B56AB0823FE}.Debug|x64.ActiveCfg = Debug|x64
		{4C9C6F7C-BFE0-457C-9B01-9B56AB0823FE}.Debug|x64.Build.0 = Debug|x64
		{4C9C6F7C-BFE0-457C-9B01-9B56AB0823FE}.Debug|x86.ActiveCfg = Debug|Win32
		{4C9C6F7C-BFE0-457C-9B01-9B56AB0823FE}.Debug|x86.Build.0 = Debug|Win32
		{4C9C6F7C-BFE0-457C-9B01-9B56AB0823FE}.Release|x64.ActiveCfg = Release|x64
		{4C9C6F7C-BFE0-457C-9B01-9B56AB0823FE}.Release|x64.Build.0 = Release|x64
		{4C9C6F7C-BFE0-457C-9B01-9B56AB0823FE}.Release|x86.ActiveCfg = Release|Win32
		{4C9C6F7C-BFE0-457C-9B01-9B56AB0823FE}.Release|x86.Build.0 = Release|Win32
		{97A0369F-32CC-41D1-BFA3-6373617E89C3}.Debug|x64.ActiveCfg = Debug|x64
		{97A0369F-32CC-41D1-BFA3-6373617E89C3}.Debug|x64.Build.0 = Debug|x64
		{97A0369F-32CC-41D1-BFA3-6373617E89C3}.Debug|x86.ActiveCfg = Debug|Win32
		{97A0369F-32CC-41D1-BFA3-6373617E89C3}.Debug|x86.Build.0 = Debug|Win32
		{97A0369F-32CC-41D1-BFA3-6373617E89C3}.Release|x64.ActiveCfg = Release|x64
		{97A0369F-32CC-41D1-BFA3-6373617E89C3}.Release|x64.Build.0 = Release|x64
		{97A0369F-32CC-41D1-BFA3-6373617E89C3}.Release|x86.ActiveCfg = Release|Win32
		{97A0369F-32CC-41D1-BFA3-6373617E89C3}.Release|x86.Build.0 = Release|Win32
		{457904BC-5E1B-4D16-A503-A32547A235AB}.Debug|x64.ActiveCfg = Debug|x64
		{457904BC-5E1B-4D16-A503-A32547A235AB}.Debug|x64.Build.0 = Debug|x64
		{457904BC-5E1B-4D16-A503-A32547A235AB}.Debug|x86.ActiveCfg = Debug|Win32
		{457904BC-5E1B-4D16-A503-A32547A235AB}.Debug|x86.Build.0 = Debug|Win32
		{457904BC-5E1B-4D16-A503-A32547A235AB}.Release|x64.ActiveCfg = Release|x64
		{457904BC-5E1B-4D16-A503-A32547A235AB}.Release|x64.Build.0 = Release|x64
		{457904BC-5E1B-4D16-A503-A32547A235AB}.Release|x86.ActiveCfg = Release|Win32
		{457904BC-5E1B-4D16-A503-A32547A235AB}.Release|x86.Build.0 = Release|Win32
		{7EF164A4-8F79-43DC-B03B-22015D9976F4}.Debug|x64.ActiveCfg = Debug|x64
		{7EF164A4-8F79-43DC-B03B-22015D9976F4}.Debug|x64.Build.0 = Debug|x64
		{7EF164A4-8F79-43DC-B03B-22015D9976F4}.Debug|x86.ActiveCfg = Debug|Win32
		{7EF164A4-8F79-43DC-B03B-22015D9976F4}.Debug|x86.Build.0 = Debug|Win32
		{7EF164A4-8F79-43DC-B03B-22015D9976F4}.Release|x64.ActiveCfg = Release|x64
		{7EF164A4-8F79-43DC-B03B-22015D9976F4}.Release|x64.Build.0 = Release|x64
		{7EF164A4-8F79-43DC-B03B-22015D9976F4}.Release|x86.ActiveCfg = Release|Win32
		{7EF164A4-8F79-43DC-B03B-22015D9976F4}.Release|x86.Build.0 = Release|Win32
		{DF76D0D5-81D8-470B-BCDD-EC9681C84C06}.Debug|x64.ActiveCfg = Debug|x64
		{DF76D0D5-81D8-470B-BCDD-EC9681C84C06}.Debug|x64.Build.0 = Debug|x64
		{DF76D0D5-81D8-470B-BCDD-EC9681C84C06}.Debug|x86.ActiveCfg = Debug|Win32
		{DF76D0D5-81D8-470B-BCDD-EC9681C84C06}.Debug|x86.Build.0 = Debug|Win32
		{DF76D0D5-81D8-470B-BCDD-EC9681C84C06}.Release|x64.ActiveCfg = Release|x64
		{DF76D0D5-81D8-470B-BCDD-EC9681C84C06}.Release|x64.Build.0 = Release|x64
		{DF76D0D5-81D8-470B-BCDD-EC9681C84C06}.Release|x86.ActiveCfg = Release|Win32
		{DF76D0D5-81D8-470B-BCDD-EC9681C84C06}.Release|x86.Build.0 = Release|Win32
		{2540F43F-6272-41C8-8855-21E36FAD882F}.Debug|x64.ActiveCfg = Debug|x64
		{2540F43F-6272-41C8-8855-21E36FAD882F}.Debug|x64.Build.0 = Debug|x64
		{2540F43F-6272-41C8-8855-21E36FAD882F}.Debug|x86.ActiveCfg = Debug|Win32
		{2540F43F-6272-41C8-8855-21E36FAD882F}.Debug|x86.Build.0 = Debug|Win32
		{2540F43F-6272-41C8-8855-21E36FAD882F}.Release|x64.ActiveCfg = Release|x64
		{2540F43F-6272-41C8-8855-21E36FAD882F}.Release|x64.Build.0 = Release|x64
		{2540F43F-6272-41C8-8855-21E36FAD882F}.Release|x86.ActiveCfg = Release|Win32
		{2540F43F-6272-41C8-8855-21E36FAD882F}.Release|x86.Build.0 = Release|Win32
		{58CFBCA9-17A0-4B91-9661-12E286A01765}.Debug|x64.ActiveCfg = Debug|x64
		{58CFBCA9-17A0-4B91-9661-12E286A01765}.Debug|x64.Build.0 = Debug|x64
		{58CFBCA9-17A0-4B91-9661-12E286A01765}.Debug|x86.ActiveCfg = Debug|Win32
		{58CFBCA9-17A0-4B91-9661-12E286A01765}.Debug|x86.Build.0 = Debug|Win32
		{58CFBCA9-17A0-4B91-9661-12E286A01765}.Release|x64.ActiveCfg = Release|x64
		{58CFBCA9-17A0-4B91-9661-12E286A01765}.Release|x64.Build.0 = Release|x64
		{58CFBCA9-17A0-4B91-9661-12E286A01765}.Release|x86.ActiveCfg = Release|Win32
		{58CFBCA9-17A0-4B91-9661-12E286A01765}.Release|x86.Build.0 = Release|Win32
		{876BF5A4-8CEB-451C-9814-20B537EB8FC9}.Debug|x64.ActiveCfg = Debug|x64
		{876BF5A4-8CEB-451C-9814-20B537EB8FC9}.Debug|x64.Build.0 = Debug|x64
		{876BF5A4-8CEB-451C-9814-20B537EB8FC9}.Debug|x86.ActiveCfg = Debug|Win32
		{876BF5A4-8CEB-451C-9814-20B537EB8FC9}.Debug|x86.Build.0 = Debug|Win32
		{876BF5A4-8CEB-451C-9814-20B537EB8FC9}.Release|x64.ActiveCfg = Release|x64
		{876BF5A4-8CEB-451C-9814-20B537EB8FC9}.Release|x64.Build.0 = Release|x64
		{876BF5A4-8CEB-451C-9814-20B537EB8FC9}.Release|x86.ActiveCfg = Release|Win32
		{876BF5A4-8CEB-451C-9814-20B537EB8FC9}.Release|x86.Build.0 = Release|Win32
		{562B57ED-C4D0-48FD-83F7-D1A56E17BA6C}.Debug|x64.ActiveCfg = Debug|x64
		{562B57ED-C4D0-48FD-83F7-D1A56E17BA6C}.Debug|x64.Build.0 = Debug|x64
		{562B57ED-C4D0-48FD-83F7-D1A56E17BA6C}.Debug|x86.ActiveCfg = Debug|Win32
		{562B57ED-C4D0-48FD-83F7-D1A56E17BA6C}.Debug|x86.Build.0 = Debug|Win32
		{562B57ED-C4D0-48FD-83F7-D1A56E17BA6C}.Release|x64.ActiveCfg = Release|x64
		{562B57ED-C4D0-48FD-83F7-D1A56E17BA6C}.Release|x64.Build.0 = Release|x64
		{562B57ED-C4D0-48FD-83F7-D1A56E17BA6C}.Release|x86.ActiveCfg = Release|Win32
		{562B57ED-C4D0-48FD-83F7-D1A56E17BA6C}.Release|x86.Build.0 = Release|Win32
		{E5A2C860-81BF-4839-80DD-CF3AE34E8E54}.Debug|x64.ActiveCfg = Debug|x64
		{E5A2C860-81BF-4839-80DD-CF3AE34E8E54}.Debug|x64.Build.0 = Debug|x64
		{E5A2C860-81BF-4839-80DD-CF3AE34E8E54}.Debug|x86.ActiveCfg = Debug|Win32
		{E5A2C860-81BF-4839-80DD-CF3AE34E8E54}.Debug|x86.Build.0 = Debug|Win32
		{E5A2C860-81BF-4839-80DD-CF3AE34E8E54}.Release|x64.ActiveCfg = Release|x64
		{E5A2C860-81BF-4839-80DD-CF3AE34E8E54}.Release|x64.Build.0 = Release|x64
		{E5A2C860-81BF-4839-80DD-CF3AE34E8E54}.Release|x86.ActiveCfg = Release|Win32
		{E5A2C860-81BF-4839-80DD-CF3AE34E8E54}.Release|x86.Build.0 = Release|Win32
		{8A064849-400A-4E8B-9C55-16D2061FCD26}.Debug|x64.ActiveCfg = Debug|x64
		{8A064849-400A-4E8B-9C55-16D2061FCD26}.Debug|x64.Build.0 = Debug|x64
		{8A064849-400A-4E8B-9C55-16D2061FCD26}.Debug|x86.ActiveCfg = Debug|Win32
		{8A064849-400A-4E8B-9C55-16D2061FCD26}.Debug|x86.Build.0 = Debug|Win32
		{8A064849-400A-4E8B-9C55-16D2061FCD26}.Release|x64.ActiveCfg = Release|x64
		{8A064849-400A-4E8B-9C55-16D2061FCD26}.Release|x64.Build.0 = Release|x64
		{8A064849-400A-4E8B-9C55-16D2061FCD26}.Release|x86.ActiveCfg = Release|Win32
		{8A064849-400A-4E8B-9C55-16D2061FCD26}.Release|x86.Build.0 = Release|Win32
		{65435E09-AB97-438A-B332-BF829AFA3286}.Debug|x64.ActiveCfg = Debug|x64
		{65435E09-AB97-438A-B332-BF829AFA3286}.Debug|x64.Build.0 = Debug|x64
		{65435E09-AB97-438A-B332-BF829AFA3286}.Debug|x86.ActiveCfg = Debug|Win32
		{65435E09-AB97-438A-B332-BF829AFA3286}.Debug|x86.Build.0 = Debug|Win32
		{65435E09-AB97-438A-B332-BF829AFA3286}.Release|x64.ActiveCfg = Release|x64
		{65435E09-AB97-438A-B332-BF829AFA3286}.Release|x64.Build.0 = Release|x64
		{65435E09-AB97-438A-B332-BF829AFA3286}.Release|x86.ActiveCfg = Release|Win32
		{65435E09-AB97-438A-B332-BF829AFA3286}.Release|x86.Build.0 = Release|Win32
		{2F30D083-B16F-4309-9F61-6A5F7FA30DE0}.Debug|x64.ActiveCfg = Debug|x64
		{2F30D083-B16F-4309-9F61-6A5F7FA30DE0}.Debug|x64.Build.0 = Debug|x64
		{2F30D083-B16F-4309-9F61-6A5F7FA30DE0}.Debug|x86.ActiveCfg = Debug|Win32
		{2F30D083-B16F-4309-9F61-6A5F7FA30DE0}.Debug|x86.Build.0 = Debug|Win32
		{2F30D083-B16F-4309-9F61-6A5F7FA30DE0}.Release|x64.ActiveCfg = Release|x64
		{2F30D083-B16F-4309-9F61-6A5F7FA30DE0}.Release|x64.Build.0 = Release|x64
		{2F30D083-B16F-4309-9F61-6A5F7FA30DE0}.Release|x86.ActiveCfg = Release|Win32
		{2F30D083-B16F-4309-9F61-6A5F7FA30DE0}.Release|x86.Build.0 = Release|Win32
		{2197B79E-7943-4668-831A-195F7B8038D5}.Debug|x64.ActiveCfg = Debug|x64
		{2197B79E-7943-4668-831A-195F7B8038D5}.Debug|x64.Build.0 = Debug|x64
		{2197B79E-7943-4668-831A-195F7B8038D5}.Debug|x86.ActiveCfg = Debug|Win32
		{2197B79E-7943-4668-831A-195F7B8038D5}.Debug|x86.Build.0 = Debug|Win32
		{2197B79E-7943-4668-831A-195F7B8038D5}.Release|x64.ActiveCfg = Release|x64
		{2197B79E-7943-4668-831A-195F7B8038D5}.Release|x64.Build.0 = Release|x64
		{2197B79E-7943-4668-831A-195F7B8038D5}.Release|x86.ActiveCfg = Release|Win32
		{2197B79E-7943-4668-831A-195F7B8038D5}.Release|x86.Build.0 = Release|Win32
		{6A6C2BA3-469F-43A0-BDA5-596C89466BEC}.Debug|x64.ActiveCfg = Debug|x64
		{6A6C2BA3-469F-43A0-BDA5-596C89466BEC}.Debug|x64.Build.0 = Debug|x64
		{6A6C2BA3-469F-43A0-BDA5-596C89466BEC}.Debug|x86.ActiveCfg = Debug|Win32
		{6A6C2BA3-469F-43A0-BDA5-596C89466BEC}.Debug|x86.Build.0 = Debug|Win32
		{6A6C2BA3-469F-43A0-BDA5-596C89466BEC}.Release|x64.ActiveCfg = Release|x64
		{6A6C2BA3-469F-43A0-BDA5-596C89466BEC}.Release|x64.Build.0 = Release|x64
		{6A6C2BA3-469F-43A0-BDA5-596C89466BEC}.Release|x86.ActiveCfg = Release|Win32
		{6A6C2BA3-469F-43A0-BDA5-596C89466BEC}.Release|x86.Build.0 = Release|Win32
		{02B61D90-04F6-44AB-91FB-F02FCD426B9C}.Debug|x64.ActiveCfg = Debug|x64
		{02B61D90-04F6-44AB-91FB-F02FCD426B9C}.Debug|x64.Build.0 = Debug|x64
		{02B61D90-04F6-44AB-91FB-F02FCD426B9C}.Debug|x86.ActiveCfg = Debug|Win32
		{02B61D90-04F6-44AB-91FB-F02FCD426B9C}.Debug|x86.Build.0 = Debug|Win32
		{02B61D90-04F6-44AB-91FB-F02FCD426B9C}.Release|x64.ActiveCfg = Release|x64
		{02B61D90-04F6-44AB-91FB-F02FCD426B9C}.Release|x64.Build.0 = Release|x64
		{02B61D90-04F6-44AB-91FB-F02FCD426B9C}.Release|x86.ActiveCfg = Release|Win32
		{02B61D90-04F6-44AB-91FB-F02FCD426B9C}.Release|x86.Build.0 = Release|Win32
		{E3F8E229-A4DB-432F-ADDF-8F5FDD865A51}.Debug|x64.ActiveCfg = Debug|x64
		{E3F8E229-A4DB-432F-ADDF-8F5FDD865A51}.Debug|x64.Build.0 = Debug|x64
		{E3F8E229-A4DB-432F-ADDF-8F5FDD865A51}.Debug|x86.ActiveCfg = Debug|Win32
		{E3F8E229-A4DB-432F-ADDF-8F5FDD865A51}.Debug|x86.Build.0 = Debug|Win32
		{E3F8E229-A4DB-432F-ADDF-8F5FDD865A51}.Release|x64.ActiveCfg = Release|x64
		{E3F8E229-A4DB-432F-ADDF-8F5FDD865A51}.Release|x64.Build.0 = Release|x64
		{E3F8E229-A4DB-432F-ADDF-8F5FDD865A51}.Release|x86.ActiveCfg = Release|Win32
		{E3F8E229-A4DB-432F-ADDF-8F5FDD865A51}.Release|x86.Build.0 = Release|Win32
		{488A0F34-9337-439E-A56D-A6F918C440C8}.Debug|x64.ActiveCfg = Debug|x64
		{488A0F34-9337-439E-A56D-A6F918C440C8}.Debug|x64.Build.0 = Debug|x64
		{488A0F34-9337-439E-A56D-A6F918C440C8}.Debug|x86.ActiveCfg = Debug|Win32
		{488A0F34-9337-439E-A56D-A6F918C440C8}.Debug|x86.Build.0 = Debug|Win32
		{488A0F34-9337-439E-A56D-A6F918C440C8}.Release|x64.ActiveCfg = Release|x64
		{488A0F34-9337-439E-A56D-A6F918C440C8}.Release|x64.Build.0 = Release|x64
		{488A0F34-9337-439E-A56D-A6F918C440C8}.Release|x86.ActiveCfg = Release|Win32
		{488A0F34-9337-439E-A56D-A6F918C440C8}.Release|x86.Build.0 = Release|Win32
		{90FBE262-68FB-4A8A-8F9A-F6D364F23D90}.Debug|x64.ActiveCfg = Debug|x64
		{90FBE262-68FB-4A8A-8F9A-F6D364F23D90}.Debug|x64.Build.0 = Debug|x64
		{90FBE262-68FB-4A8A-8F9A-F6D364F23D90}.Debug|x86.ActiveCfg = Debug|Win32
		{90FBE262-68FB-4A8A-8F9A-F6D364F23D90}.Debug|x86.Build.0 = Debug|Win32
		{90FBE262-68FB-4A8A-8F9A-F6D364F23D90}.Release|x64.ActiveCfg = Release|x64
		{90FBE262-68FB-4A8A-8F9A-F6D364F23D90}.Release|x64.Build.0 = Release|x64
		{90FBE262-68FB-4A8A-8F9A-F6D364F23D90}.Release|x86.ActiveCfg = Release|Win32
		{90FBE262-68FB-4A8A-8F9A-F6D364F23D90}.Release|x86.Build.0 = Release|Win32
		{513D3FEB-9243-4BD5-8603-429FBFEB61FE}.Debug|x64.ActiveCfg = Debug|x64
		{513D3FEB-9243-4BD5-8603-429FBFEB61FE}.Debug|x64.Build.0 = Debug|x64
		{513D3FEB-9243-4BD5-8603-429FBFEB61FE}.Debug|x86.ActiveCfg = Debug|Win32
		{513D3FEB-9243-4BD5-8603-429FBFEB61FE}.Debug|x86.Build.0 = Debug|Win32
		{513D3FEB-9243-4BD5-8603-429FBFEB61FE}.Release|x64.ActiveCfg = Release|x64
		{513D3FEB-9243-4BD5-8603-429FBFEB61FE}.Release|x64.Build.0 = Release|x64
		{513D3FEB-9243-4BD5-8603-429FBFEB61FE}.Release|x86.ActiveCfg = Release|Win32
		{513D3FEB-9243-4BD5-8603-429FBFEB61FE}.Release|x86.Build.0 = Release|Win32
		{B9B3BEA1-6130-450D-BFD1-CB0CBAE2BEEC}.Debug|x64.ActiveCfg = Debug|x64
		{B9B3BEA1-6130-450D-BFD1-CB0CBAE2BEEC}.Debug|x64.Build.0 = Debug|x64
		{B9B3BEA1-6130-450D-BFD1-CB0CBAE2BEEC}.Debug|x86.ActiveCfg = Debug|Win32
		{B9B3BEA1-6130-450D-BFD1-CB0CBAE2BEEC}.Debug|x86.Build.0 = Debug|Win32
		{B9B3BEA1-6130-450D-BFD1-CB0CBAE2BEEC}.Release|x64.ActiveCfg = Release|x64
		{B9B3BEA1-6130-450D-BFD1-CB0CBAE2BEEC}.Release|x64.Build.0 = Release|x64
		{B9B3BEA1-6130-450D-BFD1-CB0CBAE2BEEC}.Release|x86.ActiveCfg = Release|Win32
		{B9B3BEA1-6130-450D-BFD1-CB0CBAE2BEEC}.Release|x86.Build.0 = Release|Win32
		{FB42E6B9-0D15-4B9C-AE01-FB840065B653}.Debug|x64.ActiveCfg = Debug|x64
		{FB42E6B9-0D15-4B9C-AE01-FB840065B653}.Debug|x64.Build.0 = Debug|x64
		{FB42E6B9-0D15-4B9C-AE01-FB840065B653}.Debug|x86.ActiveCfg = Debug|Win32
		{FB42E6B9-0D15-4B9C-AE01-FB840065B653}.Debug|x86.Build.0 = Debug|Win32
		{FB42E6B9-0D15-4B9C-AE01-FB840065B653}.Release|x64.ActiveCfg = Release|x64
		{FB42E6B9-0D15-4B9C-AE01-FB840065B653}.Release|x64.Build.0 = Release|x64
		{FB42E6B9-0D15-4B9C-AE01-FB840065B653}.Release|x86.ActiveCfg = Release|Win32
		{FB42E6B9-0D15-4B9C-AE01-FB840065B653}.Release|x86.Build.0 = Release|Win32
		{C0B3AC7B-3850-478D-8BF1-58AA39D49648}.Debug|x64.ActiveCfg = Debug|x64
		{C0B3AC7B-3850-478D-8BF1-58AA39D49648}.Debug|x64.Build.0 = Debug|x64
		{C0B3AC7B-3850-478D-8BF1-58AA39D49648}.Debug|x86.ActiveCfg = Debug|Win32
		{C0B3AC7B-3850-478D-8BF1-58AA39D49648}.Debug|x86.Build.0 = Debug|Win32
		{C0B3AC7B-3850-478D-8BF1-58AA39D49648}.Release|x64.ActiveCfg = Release|x64
		{C0B3AC7B-3850-478D-8BF1-58AA39D49648}.Release|x64.Build.0 = Release|x64
		{C0B3AC7B-3850-478D-8BF1-58AA39D49648}.Release|x86.ActiveCfg = Release|Win32
		{C0B3AC7B-3850-478D-8BF1-58AA39D49648}.Release|x86.Build.0 = Release|Win32
		{C32602AC-766F-4708-932A-0448280A4134}.Debug|x64.ActiveCfg = Debug|x64
		{C32602AC-766F-4708-932A-0448280A4134}.Debug|x64.Build.0 = Debug|x64
		{C32602AC-766F-4708-932A-0448280A4134}.Debug|x86.ActiveCfg = Debug|Win32
		{C32602AC-766F-4708-932A-0448280A4134}.Debug|x86.Build.0 = Debug|Win32
		{C32602AC-766F-4708-932A-0448280A4134}.Release|x64.ActiveCfg = Release|x64
		{C32602AC-766F-4708-932A-0448280A4134}.Release|x64.Build.0 = Release|x64
		{C32602AC-766F-4708-932A-0448280A4134}.Release|x86.ActiveCfg = Release|Win32
		{C32602AC-766F-4708-932A-0448280A4134}.Release|x86.Build.0 = Release|Win32
	EndGlobalSection
	GlobalSection(SolutionProperties) = preSolution
		HideSolutionNode = FALSE
	EndGlobalSection
	GlobalSection(NestedProjects) = preSolution
		{43B240E7-EA3C-452B-9138-C0347351F40A} = {55E05F6E-FCAB-4704-8B13-F799449DCDB6}
		{C34986A4-2D13-42DA-9AF0-348C92E8D7BE} = {D7D15688-7E9E-486B-8A0A-5F242CC2C3E8}
		{4E61CA86-FDAB-4FED-820D-B2D55D41FFB1} = {55E05F6E-FCAB-4704-8B13-F799449DCDB6}
		{DE007541-301D-41F8-879D-28F4195F8431} = {D7D15688-7E9E-486B-8A0A-5F242CC2C3E8}
		{BE79FA7F-CB6C-409D-A246-89C8C4AB14B3} = {7E1C28A4-CB8A-42AD-94C1-FDAE14E3CBA7}
		{8D0AE720-AE4B-43B4-ADE2-7C8E1B41FF48} = {EDF2FF23-7F6B-4B30-B5A0-85FE60FE52EC}
		{C34A212D-7AAC-404C-8E51-668947C251B6} = {D7D15688-7E9E-486B-8A0A-5F242CC2C3E8}
		{894953F5-1AE8-45B6-BF4A-801918A0261F} = {D7D15688-7E9E-486B-8A0A-5F242CC2C3E8}
		{4C601F79-B91A-46AF-B1D5-AD4F18006371} = {EDF2FF23-7F6B-4B30-B5A0-85FE60FE52EC}
		{7E1C28A4-CB8A-42AD-94C1-FDAE14E3CBA7} = {EDF2FF23-7F6B-4B30-B5A0-85FE60FE52EC}
		{DEE94D97-35FD-44C6-8E80-D72CB715903D} = {4C601F79-B91A-46AF-B1D5-AD4F18006371}
		{440DAC7B-1751-47B3-BF0A-E54D400D5B4F} = {55E05F6E-FCAB-4704-8B13-F799449DCDB6}
		{133E0971-743F-4DB3-B255-257C3E3B8863} = {55E05F6E-FCAB-4704-8B13-F799449DCDB6}
		{80984CCE-7029-4E74-B62B-DF2F3774A9D6} = {55E05F6E-FCAB-4704-8B13-F799449DCDB6}
		{3390A1EC-0C9F-4C48-B978-FBFEBFDF6366} = {55E05F6E-FCAB-4704-8B13-F799449DCDB6}
		{806154E7-F2E7-4F8E-AC49-E4B51195887E} = {55E05F6E-FCAB-4704-8B13-F799449DCDB6}
		{BAC878B6-8CCC-4188-9BEA-99EF31FE0BD1} = {D7D15688-7E9E-486B-8A0A-5F242CC2C3E8}
		{6F08D54B-622F-4D96-9E89-76C26BB83FFB} = {55E05F6E-FCAB-4704-8B13-F799449DCDB6}
		{D51DBC71-88D8-42DC-9A96-75904CD3395E} = {EDF2FF23-7F6B-4B30-B5A0-85FE60FE52EC}
		{A1189DE0-47B5-40F6-AE34-7FF5A4260859} = {EDF2FF23-7F6B-4B30-B5A0-85FE60FE52EC}
		{FF96B609-F734-4A83-834B-B743B79043F9} = {725110C7-62AC-478E-B93D-B1B4C4AB9C54}
		{4C9C6F7C-BFE0-457C-9B01-9B56AB0823FE} = {8484E565-9DDF-441E-9D7A-6214A2FBAB5E}
		{97A0369F-32CC-41D1-BFA3-6373617E89C3} = {EDF2FF23-7F6B-4B30-B5A0-85FE60FE52EC}
		{457904BC-5E1B-4D16-A503-A32547A235AB} = {EDF2FF23-7F6B-4B30-B5A0-85FE60FE52EC}
		{7EF164A4-8F79-43DC-B03B-22015D9976F4} = {EDF2FF23-7F6B-4B30-B5A0-85FE60FE52EC}
		{940144B7-FF9A-4CB3-BBAA-5B5B8378CAC0} = {EDF2FF23-7F6B-4B30-B5A0-85FE60FE52EC}
		{DF76D0D5-81D8-470B-BCDD-EC9681C84C06} = {940144B7-FF9A-4CB3-BBAA-5B5B8378CAC0}
		{2540F43F-6272-41C8-8855-21E36FAD882F} = {EDF2FF23-7F6B-4B30-B5A0-85FE60FE52EC}
		{58CFBCA9-17A0-4B91-9661-12E286A01765} = {EDF2FF23-7F6B-4B30-B5A0-85FE60FE52EC}
		{876BF5A4-8CEB-451C-9814-20B537EB8FC9} = {EDF2FF23-7F6B-4B30-B5A0-85FE60FE52EC}
		{562B57ED-C4D0-48FD-83F7-D1A56E17BA6C} = {EDF2FF23-7F6B-4B30-B5A0-85FE60FE52EC}
		{A9F3B287-6735-48D3-9A5D-F47725A6416B} = {EDF2FF23-7F6B-4B30-B5A0-85FE60FE52EC}
		{E5A2C860-81BF-4839-80DD-CF3AE34E8E54} = {A9F3B287-6735-48D3-9A5D-F47725A6416B}
		{8A064849-400A-4E8B-9C55-16D2061FCD26} = {EDF2FF23-7F6B-4B30-B5A0-85FE60FE52EC}
		{65435E09-AB97-438A-B332-BF829AFA3286} = {725110C7-62AC-478E-B93D-B1B4C4AB9C54}
		{2F30D083-B16F-4309-9F61-6A5F7FA30DE0} = {725110C7-62AC-478E-B93D-B1B4C4AB9C54}
		{2197B79E-7943-4668-831A-195F7B8038D5} = {940144B7-FF9A-4CB3-BBAA-5B5B8378CAC0}
		{F51C88E8-4619-4044-8C47-335F807C66D0} = {EDF2FF23-7F6B-4B30-B5A0-85FE60FE52EC}
		{6A6C2BA3-469F-43A0-BDA5-596C89466BEC} = {F51C88E8-4619-4044-8C47-335F807C66D0}
		{52F97CE1-D9E0-4BD3-A1A4-258AA6EF6686} = {EDF2FF23-7F6B-4B30-B5A0-85FE60FE52EC}
		{02B61D90-04F6-44AB-91FB-F02FCD426B9C} = {52F97CE1-D9E0-4BD3-A1A4-258AA6EF6686}
		{E3F8E229-A4DB-432F-ADDF-8F5FDD865A51} = {52F97CE1-D9E0-4BD3-A1A4-258AA6EF6686}
		{488A0F34-9337-439E-A56D-A6F918C440C8} = {EDF2FF23-7F6B-4B30-B5A0-85FE60FE52EC}
		{7586DA49-A831-4F2B-B09D-C6002DE822A5} = {EDF2FF23-7F6B-4B30-B5A0-85FE60FE52EC}
		{90FBE262-68FB-4A8A-8F9A-F6D364F23D90} = {7586DA49-A831-4F2B-B09D-C6002DE822A5}
		{513D3FEB-9243-4BD5-8603-429FBFEB61FE} = {7586DA49-A831-4F2B-B09D-C6002DE822A5}
		{D824D445-26F2-4D04-B5B8-E9A88059FCD3} = {EDF2FF23-7F6B-4B30-B5A0-85FE60FE52EC}
		{B9B3BEA1-6130-450D-BFD1-CB0CBAE2BEEC} = {D824D445-26F2-4D04-B5B8-E9A88059FCD3}
		{FB42E6B9-0D15-4B9C-AE01-FB840065B653} = {725110C7-62AC-478E-B93D-B1B4C4AB9C54}
		{C0B3AC7B-3850-478D-8BF1-58AA39D49648} = {725110C7-62AC-478E-B93D-B1B4C4AB9C54}
		{C32602AC-766F-4708-932A-0448280A4134} = {725110C7-62AC-478E-B93D-B1B4C4AB9C54}
	EndGlobalSection
	GlobalSection(ExtensibilityGlobals) = postSolution
		SolutionGuid = {73338347-3E6E-4587-A88A-C7500E2B82B7}
	EndGlobalSection
EndGlobal
