<?xml version="1.0" encoding="utf-8"?>
<Project ToolsVersion="4.0" xmlns="http://schemas.microsoft.com/developer/msbuild/2003">
  <ItemGroup>
    <Filter Include="源文件">
      <UniqueIdentifier>{4FC737F1-C7A5-4376-A066-2A32D752A2FF}</UniqueIdentifier>
      <Extensions>cpp;c;cc;cxx;c++;cppm;ixx;def;odl;idl;hpj;bat;asm;asmx</Extensions>
    </Filter>
    <Filter Include="头文件">
      <UniqueIdentifier>{93995380-89BD-4b04-88EB-625FBE52EBFB}</UniqueIdentifier>
      <Extensions>h;hh;hpp;hxx;h++;hm;inl;inc;ipp;xsd</Extensions>
    </Filter>
    <Filter Include="资源文件">
      <UniqueIdentifier>{67DA6AB6-F800-4c08-8B7A-83BB121AAD01}</UniqueIdentifier>
      <Extensions>rc;ico;cur;bmp;dlg;rc2;rct;bin;rgs;gif;jpg;jpeg;jpe;resx;tiff;tif;png;wav;mfcribbon-ms</Extensions>
    </Filter>
  </ItemGroup>
  <ItemGroup>
    <ClCompile Include="aja-card-manager.cpp">
      <Filter>源文件</Filter>
    </ClCompile>
    <ClCompile Include="aja-common.cpp">
      <Filter>源文件</Filter>
    </ClCompile>
    <ClCompile Include="aja-output.cpp">
      <Filter>源文件</Filter>
    </ClCompile>
    <ClCompile Include="aja-presets.cpp">
      <Filter>源文件</Filter>
    </ClCompile>
    <ClCompile Include="aja-props.cpp">
      <Filter>源文件</Filter>
    </ClCompile>
    <ClCompile Include="aja-routing.cpp">
      <Filter>源文件</Filter>
    </ClCompile>
    <ClCompile Include="aja-source.cpp">
      <Filter>源文件</Filter>
    </ClCompile>
    <ClCompile Include="aja-vpid-data.cpp">
      <Filter>源文件</Filter>
    </ClCompile>
    <ClCompile Include="aja-widget-io.cpp">
      <Filter>源文件</Filter>
    </ClCompile>
    <ClCompile Include="audio-repack.c">
      <Filter>源文件</Filter>
    </ClCompile>
    <ClCompile Include="main.cpp">
      <Filter>源文件</Filter>
    </ClCompile>
  </ItemGroup>
  <ItemGroup>
    <ClInclude Include="aja-card-manager.hpp">
      <Filter>头文件</Filter>
    </ClInclude>
    <ClInclude Include="aja-common.hpp">
      <Filter>头文件</Filter>
    </ClInclude>
    <ClInclude Include="aja-enums.hpp">
      <Filter>头文件</Filter>
    </ClInclude>
    <ClInclude Include="aja-output.hpp">
      <Filter>头文件</Filter>
    </ClInclude>
    <ClInclude Include="aja-presets.hpp">
      <Filter>头文件</Filter>
    </ClInclude>
    <ClInclude Include="aja-props.hpp">
      <Filter>头文件</Filter>
    </ClInclude>
    <ClInclude Include="aja-routing.hpp">
      <Filter>头文件</Filter>
    </ClInclude>
    <ClInclude Include="aja-source.hpp">
      <Filter>头文件</Filter>
    </ClInclude>
    <ClInclude Include="aja-ui-props.hpp">
      <Filter>头文件</Filter>
    </ClInclude>
    <ClInclude Include="aja-vpid-data.hpp">
      <Filter>头文件</Filter>
    </ClInclude>
    <ClInclude Include="aja-widget-io.hpp">
      <Filter>头文件</Filter>
    </ClInclude>
    <ClInclude Include="audio-repack.h">
      <Filter>头文件</Filter>
    </ClInclude>
    <ClInclude Include="audio-repack.hpp">
      <Filter>头文件</Filter>
    </ClInclude>
  </ItemGroup>
</Project>