<?xml version="1.0" encoding="utf-8"?>
<Project ToolsVersion="4.0" xmlns="http://schemas.microsoft.com/developer/msbuild/2003">
  <ItemGroup>
    <Filter Include="源文件">
      <UniqueIdentifier>{4FC737F1-C7A5-4376-A066-2A32D752A2FF}</UniqueIdentifier>
      <Extensions>cpp;c;cc;cxx;c++;cppm;ixx;def;odl;idl;hpj;bat;asm;asmx</Extensions>
    </Filter>
    <Filter Include="头文件">
      <UniqueIdentifier>{93995380-89BD-4b04-88EB-625FBE52EBFB}</UniqueIdentifier>
      <Extensions>h;hh;hpp;hxx;h++;hm;inl;inc;ipp;xsd</Extensions>
    </Filter>
    <Filter Include="资源文件">
      <UniqueIdentifier>{67DA6AB6-F800-4c08-8B7A-83BB121AAD01}</UniqueIdentifier>
      <Extensions>rc;ico;cur;bmp;dlg;rc2;rct;bin;rgs;gif;jpg;jpeg;jpe;resx;tiff;tif;png;wav;mfcribbon-ms</Extensions>
    </Filter>
  </ItemGroup>
  <ItemGroup>
    <ClInclude Include="lib\obs-websocket-api.h">
      <Filter>头文件</Filter>
    </ClInclude>
    <ClInclude Include="src\eventhandler\EventHandler.h">
      <Filter>头文件</Filter>
    </ClInclude>
    <ClInclude Include="src\Config.h">
      <Filter>头文件</Filter>
    </ClInclude>
    <ClInclude Include="src\utils\Compat.h">
      <Filter>头文件</Filter>
    </ClInclude>
    <ClInclude Include="src\utils\Crypto.h">
      <Filter>头文件</Filter>
    </ClInclude>
    <ClInclude Include="src\utils\Json.h">
      <Filter>头文件</Filter>
    </ClInclude>
    <ClInclude Include="src\utils\Obs.h">
      <Filter>头文件</Filter>
    </ClInclude>
    <ClInclude Include="src\utils\Obs_VolumeMeter.h">
      <Filter>头文件</Filter>
    </ClInclude>
    <ClInclude Include="src\utils\Obs_VolumeMeter_Helpers.h">
      <Filter>头文件</Filter>
    </ClInclude>
    <ClInclude Include="src\requesthandler\rpc\Request.h">
      <Filter>头文件</Filter>
    </ClInclude>
    <ClInclude Include="src\requesthandler\rpc\RequestBatchRequest.h">
      <Filter>头文件</Filter>
    </ClInclude>
    <ClInclude Include="src\requesthandler\rpc\RequestResult.h">
      <Filter>头文件</Filter>
    </ClInclude>
    <ClInclude Include="src\requesthandler\types\RequestBatchExecutionType.h">
      <Filter>头文件</Filter>
    </ClInclude>
    <ClInclude Include="src\requesthandler\types\RequestStatus.h">
      <Filter>头文件</Filter>
    </ClInclude>
    <ClInclude Include="src\requesthandler\RequestBatchHandler.h">
      <Filter>头文件</Filter>
    </ClInclude>
    <ClInclude Include="src\requesthandler\RequestHandler.h">
      <Filter>头文件</Filter>
    </ClInclude>
    <ClInclude Include="src\websocketserver\WebSocketServer.h">
      <Filter>头文件</Filter>
    </ClInclude>
    <ClInclude Include="src\WebSocketApi.h">
      <Filter>头文件</Filter>
    </ClInclude>
    <ClInclude Include="src\obs-websocket.h">
      <Filter>头文件</Filter>
    </ClInclude>
    <ClInclude Include="src\forms\ConnectInfo.h">
      <Filter>头文件</Filter>
    </ClInclude>
    <ClInclude Include="src\eventhandler\types\EventSubscription.h">
      <Filter>头文件</Filter>
    </ClInclude>
    <ClInclude Include="src\utils\Platform.h">
      <Filter>头文件</Filter>
    </ClInclude>
    <ClInclude Include="src\forms\SettingsDialog.h">
      <Filter>头文件</Filter>
    </ClInclude>
    <ClInclude Include="src\websocketserver\types\WebSocketCloseCode.h">
      <Filter>头文件</Filter>
    </ClInclude>
    <ClInclude Include="src\websocketserver\types\WebSocketOpCode.h">
      <Filter>头文件</Filter>
    </ClInclude>
    <ClInclude Include="src\websocketserver\rpc\WebSocketSession.h">
      <Filter>头文件</Filter>
    </ClInclude>
    <ClInclude Include="src\utils\Utils.h">
      <Filter>头文件</Filter>
    </ClInclude>
    <ClInclude Include="plugin-macros.generated.h">
      <Filter>头文件</Filter>
    </ClInclude>
    <ClInclude Include="src\forms\ui_ConnectInfo.h">
      <Filter>头文件</Filter>
    </ClInclude>
    <ClInclude Include="src\forms\ui_SettingsDialog.h">
      <Filter>头文件</Filter>
    </ClInclude>
  </ItemGroup>
  <ItemGroup>
    <ClCompile Include="src\Config.cpp">
      <Filter>源文件</Filter>
    </ClCompile>
    <ClCompile Include="src\utils\Compat.cpp">
      <Filter>源文件</Filter>
    </ClCompile>
    <ClCompile Include="src\utils\Crypto.cpp">
      <Filter>源文件</Filter>
    </ClCompile>
    <ClCompile Include="src\utils\Json.cpp">
      <Filter>源文件</Filter>
    </ClCompile>
    <ClCompile Include="src\utils\Obs.cpp">
      <Filter>源文件</Filter>
    </ClCompile>
    <ClCompile Include="src\utils\Obs_VolumeMeter.cpp">
      <Filter>源文件</Filter>
    </ClCompile>
    <ClCompile Include="src\requesthandler\rpc\Request.cpp">
      <Filter>源文件</Filter>
    </ClCompile>
    <ClCompile Include="src\requesthandler\rpc\RequestBatchRequest.cpp">
      <Filter>源文件</Filter>
    </ClCompile>
    <ClCompile Include="src\requesthandler\rpc\RequestResult.cpp">
      <Filter>源文件</Filter>
    </ClCompile>
    <ClCompile Include="src\requesthandler\RequestBatchHandler.cpp">
      <Filter>源文件</Filter>
    </ClCompile>
    <ClCompile Include="src\websocketserver\WebSocketServer.cpp">
      <Filter>源文件</Filter>
    </ClCompile>
    <ClCompile Include="src\WebSocketApi.cpp">
      <Filter>源文件</Filter>
    </ClCompile>
    <ClCompile Include="src\obs-websocket.cpp">
      <Filter>源文件</Filter>
    </ClCompile>
    <ClCompile Include="src\eventhandler\EventHandler.cpp">
      <Filter>源文件</Filter>
    </ClCompile>
    <ClCompile Include="src\eventhandler\EventHandler_Config.cpp">
      <Filter>源文件</Filter>
    </ClCompile>
    <ClCompile Include="src\eventhandler\EventHandler_Filters.cpp">
      <Filter>源文件</Filter>
    </ClCompile>
    <ClCompile Include="src\eventhandler\EventHandler_General.cpp">
      <Filter>源文件</Filter>
    </ClCompile>
    <ClCompile Include="src\eventhandler\EventHandler_Inputs.cpp">
      <Filter>源文件</Filter>
    </ClCompile>
    <ClCompile Include="src\eventhandler\EventHandler_MediaInputs.cpp">
      <Filter>源文件</Filter>
    </ClCompile>
    <ClCompile Include="src\eventhandler\EventHandler_Outputs.cpp">
      <Filter>源文件</Filter>
    </ClCompile>
    <ClCompile Include="src\eventhandler\EventHandler_SceneItems.cpp">
      <Filter>源文件</Filter>
    </ClCompile>
    <ClCompile Include="src\eventhandler\EventHandler_Scenes.cpp">
      <Filter>源文件</Filter>
    </ClCompile>
    <ClCompile Include="src\eventhandler\EventHandler_Transitions.cpp">
      <Filter>源文件</Filter>
    </ClCompile>
    <ClCompile Include="src\eventhandler\EventHandler_Ui.cpp">
      <Filter>源文件</Filter>
    </ClCompile>
    <ClCompile Include="src\forms\ConnectInfo.cpp">
      <Filter>源文件</Filter>
    </ClCompile>
    <ClCompile Include="src\utils\Platform.cpp">
      <Filter>源文件</Filter>
    </ClCompile>
    <ClCompile Include="src\forms\SettingsDialog.cpp">
      <Filter>源文件</Filter>
    </ClCompile>
    <ClCompile Include="src\websocketserver\WebSocketServer_Protocol.cpp">
      <Filter>源文件</Filter>
    </ClCompile>
    <ClCompile Include="src\utils\Obs_ActionHelper.cpp">
      <Filter>源文件</Filter>
    </ClCompile>
    <ClCompile Include="src\utils\Obs_ArrayHelper.cpp">
      <Filter>源文件</Filter>
    </ClCompile>
    <ClCompile Include="src\utils\Obs_NumberHelper.cpp">
      <Filter>源文件</Filter>
    </ClCompile>
    <ClCompile Include="src\utils\Obs_ObjectHelper.cpp">
      <Filter>源文件</Filter>
    </ClCompile>
    <ClCompile Include="src\utils\Obs_SearchHelper.cpp">
      <Filter>源文件</Filter>
    </ClCompile>
    <ClCompile Include="src\utils\Obs_StringHelper.cpp">
      <Filter>源文件</Filter>
    </ClCompile>
    <ClCompile Include="src\requesthandler\RequestHandler.cpp">
      <Filter>源文件</Filter>
    </ClCompile>
    <ClCompile Include="src\requesthandler\RequestHandler_Config.cpp">
      <Filter>源文件</Filter>
    </ClCompile>
    <ClCompile Include="src\requesthandler\RequestHandler_Filters.cpp">
      <Filter>源文件</Filter>
    </ClCompile>
    <ClCompile Include="src\requesthandler\RequestHandler_General.cpp">
      <Filter>源文件</Filter>
    </ClCompile>
    <ClCompile Include="src\requesthandler\RequestHandler_Inputs.cpp">
      <Filter>源文件</Filter>
    </ClCompile>
    <ClCompile Include="src\requesthandler\RequestHandler_MediaInputs.cpp">
      <Filter>源文件</Filter>
    </ClCompile>
    <ClCompile Include="src\requesthandler\RequestHandler_Outputs.cpp">
      <Filter>源文件</Filter>
    </ClCompile>
    <ClCompile Include="src\requesthandler\RequestHandler_Record.cpp">
      <Filter>源文件</Filter>
    </ClCompile>
    <ClCompile Include="src\requesthandler\RequestHandler_SceneItems.cpp">
      <Filter>源文件</Filter>
    </ClCompile>
    <ClCompile Include="src\requesthandler\RequestHandler_Scenes.cpp">
      <Filter>源文件</Filter>
    </ClCompile>
    <ClCompile Include="src\requesthandler\RequestHandler_Sources.cpp">
      <Filter>源文件</Filter>
    </ClCompile>
    <ClCompile Include="src\requesthandler\RequestHandler_Stream.cpp">
      <Filter>源文件</Filter>
    </ClCompile>
    <ClCompile Include="src\requesthandler\RequestHandler_Transitions.cpp">
      <Filter>源文件</Filter>
    </ClCompile>
    <ClCompile Include="src\requesthandler\RequestHandler_Ui.cpp">
      <Filter>源文件</Filter>
    </ClCompile>
    <ClCompile Include="src\forms\moc_SettingsDialog.cpp">
      <Filter>源文件</Filter>
    </ClCompile>
    <ClCompile Include="src\websocketserver\moc_WebSocketServer.cpp">
      <Filter>源文件</Filter>
    </ClCompile>
    <ClCompile Include="src\forms\moc_ConnectInfo.cpp">
      <Filter>源文件</Filter>
    </ClCompile>
  </ItemGroup>
  <ItemGroup>
    <None Include="src\forms\ConnectInfo.ui" />
    <None Include="src\forms\SettingsDialog.ui" />
  </ItemGroup>
</Project>